// !$*UTF8*$!
{
	archiveVersion = 1;
	classes = {
	};
	objectVersion = 56;
	objects = {

/* Begin PBXBuildFile section */
		081757AC2C91E37700A3F532 /* FirebaseAuthenticationPackageApp.swift in Sources */ = {isa = PBXBuildFile; fileRef = 081757AB2C91E37700A3F532 /* FirebaseAuthenticationPackageApp.swift */; };
		081757AE2C91E37700A3F532 /* ContentView.swift in Sources */ = {isa = PBXBuildFile; fileRef = 081757AD2C91E37700A3F532 /* ContentView.swift */; };
		081757B02C91E37900A3F532 /* Assets.xcassets in Resources */ = {isa = PBXBuildFile; fileRef = 081757AF2C91E37900A3F532 /* Assets.xcassets */; };
		081757B32C91E37900A3F532 /* Preview Assets.xcassets in Resources */ = {isa = PBXBuildFile; fileRef = 081757B22C91E37900A3F532 /* Preview Assets.xcassets */; };
		081757B52C91E37900A3F532 /* Persistence.swift in Sources */ = {isa = PBXBuildFile; fileRef = 081757B42C91E37900A3F532 /* Persistence.swift */; };
		081757B82C91E37900A3F532 /* FirebaseAuthenticationPackage.xcdatamodeld in Sources */ = {isa = PBXBuildFile; fileRef = 081757B62C91E37900A3F532 /* FirebaseAuthenticationPackage.xcdatamodeld */; };
		081757C22C91E46400A3F532 /* AuthView.swift in Sources */ = {isa = PBXBuildFile; fileRef = 081757BE2C91E46300A3F532 /* AuthView.swift */; };
		081757C32C91E46400A3F532 /* LoginView.swift in Sources */ = {isa = PBXBuildFile; fileRef = 081757BF2C91E46300A3F532 /* LoginView.swift */; };
		081757C42C91E46400A3F532 /* SignupView.swift in Sources */ = {isa = PBXBuildFile; fileRef = 081757C02C91E46300A3F532 /* SignupView.swift */; };
		081757C72C91E48600A3F532 /* String.swift in Sources */ = {isa = PBXBuildFile; fileRef = 081757C52C91E48600A3F532 /* String.swift */; };
		081757C92C91E57C00A3F532 /* GoogleService-Info.plist in Resources */ = {isa = PBXBuildFile; fileRef = 081757C82C91E57C00A3F532 /* GoogleService-Info.plist */; };
		081757CC2C91E5D700A3F532 /* FirebaseAuth in Frameworks */ = {isa = PBXBuildFile; productRef = 081757CB2C91E5D700A3F532 /* FirebaseAuth */; };
		081757CE2C91EE5800A3F532 /* .gitignore in Resources */ = {isa = PBXBuildFile; fileRef = 081757CD2C91EE5800A3F532 /* .gitignore */; };
/* End PBXBuildFile section */

/* Begin PBXFileReference section */
		081757A82C91E37700A3F532 /* FirebaseAuthenticationPackage.app */ = {isa = PBXFileReference; explicitFileType = wrapper.application; includeInIndex = 0; path = FirebaseAuthenticationPackage.app; sourceTree = BUILT_PRODUCTS_DIR; };
		081757AB2C91E37700A3F532 /* FirebaseAuthenticationPackageApp.swift */ = {isa = PBXFileReference; lastKnownFileType = sourcecode.swift; path = FirebaseAuthenticationPackageApp.swift; sourceTree = "<group>"; };
		081757AD2C91E37700A3F532 /* ContentView.swift */ = {isa = PBXFileReference; lastKnownFileType = sourcecode.swift; path = ContentView.swift; sourceTree = "<group>"; };
		081757AF2C91E37900A3F532 /* Assets.xcassets */ = {isa = PBXFileReference; lastKnownFileType = folder.assetcatalog; path = Assets.xcassets; sourceTree = "<group>"; };
		081757B22C91E37900A3F532 /* Preview Assets.xcassets */ = {isa = PBXFileReference; lastKnownFileType = folder.assetcatalog; path = "Preview Assets.xcassets"; sourceTree = "<group>"; };
		081757B42C91E37900A3F532 /* Persistence.swift */ = {isa = PBXFileReference; lastKnownFileType = sourcecode.swift; path = Persistence.swift; sourceTree = "<group>"; };
		081757B72C91E37900A3F532 /* FirebaseAuthenticationPackage.xcdatamodel */ = {isa = PBXFileReference; lastKnownFileType = wrapper.xcdatamodel; path = FirebaseAuthenticationPackage.xcdatamodel; sourceTree = "<group>"; };
		081757BE2C91E46300A3F532 /* AuthView.swift */ = {isa = PBXFileReference; fileEncoding = 4; lastKnownFileType = sourcecode.swift; path = AuthView.swift; sourceTree = "<group>"; };
		081757BF2C91E46300A3F532 /* LoginView.swift */ = {isa = PBXFileReference; fileEncoding = 4; lastKnownFileType = sourcecode.swift; path = LoginView.swift; sourceTree = "<group>"; };
		081757C02C91E46300A3F532 /* SignupView.swift */ = {isa = PBXFileReference; fileEncoding = 4; lastKnownFileType = sourcecode.swift; path = SignupView.swift; sourceTree = "<group>"; };
		081757C52C91E48600A3F532 /* String.swift */ = {isa = PBXFileReference; fileEncoding = 4; lastKnownFileType = sourcecode.swift; path = String.swift; sourceTree = "<group>"; };
		081757C82C91E57C00A3F532 /* GoogleService-Info.plist */ = {isa = PBXFileReference; fileEncoding = 4; lastKnownFileType = text.plist.xml; path = "GoogleService-Info.plist"; sourceTree = "<group>"; };
		081757CD2C91EE5800A3F532 /* .gitignore */ = {isa = PBXFileReference; lastKnownFileType = text; path = .gitignore; sourceTree = "<group>"; };
/* End PBXFileReference section */

/* Begin PBXFrameworksBuildPhase section */
		081757A52C91E37700A3F532 /* Frameworks */ = {
			isa = PBXFrameworksBuildPhase;
			buildActionMask = 2147483647;
			files = (
				081757CC2C91E5D700A3F532 /* FirebaseAuth in Frameworks */,
			);
			runOnlyForDeploymentPostprocessing = 0;
		};
/* End PBXFrameworksBuildPhase section */

/* Begin PBXGroup section */
		0817579F2C91E37700A3F532 = {
			isa = PBXGroup;
			children = (
				081757CD2C91EE5800A3F532 /* .gitignore */,
				081757AA2C91E37700A3F532 /* FirebaseAuthenticationPackage */,
				081757A92C91E37700A3F532 /* Products */,
			);
			sourceTree = "<group>";
		};
		081757A92C91E37700A3F532 /* Products */ = {
			isa = PBXGroup;
			children = (
				081757A82C91E37700A3F532 /* FirebaseAuthenticationPackage.app */,
			);
			name = Products;
			sourceTree = "<group>";
		};
		081757AA2C91E37700A3F532 /* FirebaseAuthenticationPackage */ = {
			isa = PBXGroup;
			children = (
				081757AB2C91E37700A3F532 /* FirebaseAuthenticationPackageApp.swift */,
				081757C82C91E57C00A3F532 /* GoogleService-Info.plist */,
				081757AD2C91E37700A3F532 /* ContentView.swift */,
				081757C62C91E48600A3F532 /* Extensions */,
				081757AF2C91E37900A3F532 /* Assets.xcassets */,
				081757C12C91E46300A3F532 /* Views */,
				081757B42C91E37900A3F532 /* Persistence.swift */,
				081757B62C91E37900A3F532 /* FirebaseAuthenticationPackage.xcdatamodeld */,
				081757B12C91E37900A3F532 /* Preview Content */,
			);
			path = FirebaseAuthenticationPackage;
			sourceTree = "<group>";
		};
		081757B12C91E37900A3F532 /* Preview Content */ = {
			isa = PBXGroup;
			children = (
				081757B22C91E37900A3F532 /* Preview Assets.xcassets */,
			);
			path = "Preview Content";
			sourceTree = "<group>";
		};
		081757C12C91E46300A3F532 /* Views */ = {
			isa = PBXGroup;
			children = (
				081757BE2C91E46300A3F532 /* AuthView.swift */,
				081757BF2C91E46300A3F532 /* LoginView.swift */,
				081757C02C91E46300A3F532 /* SignupView.swift */,
			);
			path = Views;
			sourceTree = "<group>";
		};
		081757C62C91E48600A3F532 /* Extensions */ = {
			isa = PBXGroup;
			children = (
				081757C52C91E48600A3F532 /* String.swift */,
			);
			path = Extensions;
			sourceTree = "<group>";
		};
/* End PBXGroup section */

/* Begin PBXNativeTarget section */
		081757A72C91E37700A3F532 /* FirebaseAuthenticationPackage */ = {
			isa = PBXNativeTarget;
			buildConfigurationList = 081757BB2C91E37900A3F532 /* Build configuration list for PBXNativeTarget "FirebaseAuthenticationPackage" */;
			buildPhases = (
				081757A42C91E37700A3F532 /* Sources */,
				081757A52C91E37700A3F532 /* Frameworks */,
				081757A62C91E37700A3F532 /* Resources */,
			);
			buildRules = (
			);
			dependencies = (
			);
			name = FirebaseAuthenticationPackage;
			packageProductDependencies = (
				081757CB2C91E5D700A3F532 /* FirebaseAuth */,
			);
			productName = FirebaseAuthenticationPackage;
			productReference = 081757A82C91E37700A3F532 /* FirebaseAuthenticationPackage.app */;
			productType = "com.apple.product-type.application";
		};
/* End PBXNativeTarget section */

/* Begin PBXProject section */
		081757A02C91E37700A3F532 /* Project object */ = {
			isa = PBXProject;
			attributes = {
				BuildIndependentTargetsInParallel = 1;
				LastSwiftUpdateCheck = 1540;
				LastUpgradeCheck = 1540;
				TargetAttributes = {
					081757A72C91E37700A3F532 = {
						CreatedOnToolsVersion = 15.4;
					};
				};
			};
			buildConfigurationList = 081757A32C91E37700A3F532 /* Build configuration list for PBXProject "FirebaseAuthenticationPackage" */;
			compatibilityVersion = "Xcode 14.0";
			developmentRegion = en;
			hasScannedForEncodings = 0;
			knownRegions = (
				en,
				Base,
			);
			mainGroup = 0817579F2C91E37700A3F532;
			packageReferences = (
				081757CA2C91E5D700A3F532 /* XCRemoteSwiftPackageReference "firebase-ios-sdk" */,
			);
			productRefGroup = 081757A92C91E37700A3F532 /* Products */;
			projectDirPath = "";
			projectRoot = "";
			targets = (
				081757A72C91E37700A3F532 /* FirebaseAuthenticationPackage */,
			);
		};
/* End PBXProject section */

/* Begin PBXResourcesBuildPhase section */
		081757A62C91E37700A3F532 /* Resources */ = {
			isa = PBXResourcesBuildPhase;
			buildActionMask = 2147483647;
			files = (
				081757CE2C91EE5800A3F532 /* .gitignore in Resources */,
				081757B32C91E37900A3F532 /* Preview Assets.xcassets in Resources */,
				081757B02C91E37900A3F532 /* Assets.xcassets in Resources */,
				081757C92C91E57C00A3F532 /* GoogleService-Info.plist in Resources */,
			);
			runOnlyForDeploymentPostprocessing = 0;
		};
/* End PBXResourcesBuildPhase section */

/* Begin PBXSourcesBuildPhase section */
		081757A42C91E37700A3F532 /* Sources */ = {
			isa = PBXSourcesBuildPhase;
			buildActionMask = 2147483647;
			files = (
				081757C42C91E46400A3F532 /* SignupView.swift in Sources */,
				081757C32C91E46400A3F532 /* LoginView.swift in Sources */,
				081757B52C91E37900A3F532 /* Persistence.swift in Sources */,
				081757C22C91E46400A3F532 /* AuthView.swift in Sources */,
				081757AE2C91E37700A3F532 /* ContentView.swift in Sources */,
				081757AC2C91E37700A3F532 /* FirebaseAuthenticationPackageApp.swift in Sources */,
				081757C72C91E48600A3F532 /* String.swift in Sources */,
				081757B82C91E37900A3F532 /* FirebaseAuthenticationPackage.xcdatamodeld in Sources */,
			);
			runOnlyForDeploymentPostprocessing = 0;
		};
/* End PBXSourcesBuildPhase section */

/* Begin XCBuildConfiguration section */
		081757B92C91E37900A3F532 /* Debug */ = {
			isa = XCBuildConfiguration;
			buildSettings = {
				ALWAYS_SEARCH_USER_PATHS = NO;
				ASSETCATALOG_COMPILER_GENERATE_SWIFT_ASSET_SYMBOL_EXTENSIONS = YES;
				CLANG_ANALYZER_NONNULL = YES;
				CLANG_ANALYZER_NUMBER_OBJECT_CONVERSION = YES_AGGRESSIVE;
				CLANG_CXX_LANGUAGE_STANDARD = "gnu++20";
				CLANG_ENABLE_MODULES = YES;
				CLANG_ENABLE_OBJC_ARC = YES;
				CLANG_ENABLE_OBJC_WEAK = YES;
				CLANG_WARN_BLOCK_CAPTURE_AUTORELEASING = YES;
				CLANG_WARN_BOOL_CONVERSION = YES;
				CLANG_WARN_COMMA = YES;
				CLANG_WARN_CONSTANT_CONVERSION = YES;
				CLANG_WARN_DEPRECATED_OBJC_IMPLEMENTATIONS = YES;
				CLANG_WARN_DIRECT_OBJC_ISA_USAGE = YES_ERROR;
				CLANG_WARN_DOCUMENTATION_COMMENTS = YES;
				CLANG_WARN_EMPTY_BODY = YES;
				CLANG_WARN_ENUM_CONVERSION = YES;
				CLANG_WARN_INFINITE_RECURSION = YES;
				CLANG_WARN_INT_CONVERSION = YES;
				CLANG_WARN_NON_LITERAL_NULL_CONVERSION = YES;
				CLANG_WARN_OBJC_IMPLICIT_RETAIN_SELF = YES;
				CLANG_WARN_OBJC_LITERAL_CONVERSION = YES;
				CLANG_WARN_OBJC_ROOT_CLASS = YES_ERROR;
				CLANG_WARN_QUOTED_INCLUDE_IN_FRAMEWORK_HEADER = YES;
				CLANG_WARN_RANGE_LOOP_ANALYSIS = YES;
				CLANG_WARN_STRICT_PROTOTYPES = YES;
				CLANG_WARN_SUSPICIOUS_MOVE = YES;
				CLANG_WARN_UNGUARDED_AVAILABILITY = YES_AGGRESSIVE;
				CLANG_WARN_UNREACHABLE_CODE = YES;
				CLANG_WARN__DUPLICATE_METHOD_MATCH = YES;
				COPY_PHASE_STRIP = NO;
				DEBUG_INFORMATION_FORMAT = dwarf;
				ENABLE_STRICT_OBJC_MSGSEND = YES;
				ENABLE_TESTABILITY = YES;
				ENABLE_USER_SCRIPT_SANDBOXING = YES;
				GCC_C_LANGUAGE_STANDARD = gnu17;
				GCC_DYNAMIC_NO_PIC = NO;
				GCC_NO_COMMON_BLOCKS = YES;
				GCC_OPTIMIZATION_LEVEL = 0;
				GCC_PREPROCESSOR_DEFINITIONS = (
					"DEBUG=1",
					"$(inherited)",
				);
				GCC_WARN_64_TO_32_BIT_CONVERSION = YES;
				GCC_WARN_ABOUT_RETURN_TYPE = YES_ERROR;
				GCC_WARN_UNDECLARED_SELECTOR = YES;
				GCC_WARN_UNINITIALIZED_AUTOS = YES_AGGRESSIVE;
				GCC_WARN_UNUSED_FUNCTION = YES;
				GCC_WARN_UNUSED_VARIABLE = YES;
				IPHONEOS_DEPLOYMENT_TARGET = 17.5;
				LOCALIZATION_PREFERS_STRING_CATALOGS = YES;
				MTL_ENABLE_DEBUG_INFO = INCLUDE_SOURCE;
				MTL_FAST_MATH = YES;
				ONLY_ACTIVE_ARCH = YES;
				SDKROOT = iphoneos;
				SWIFT_ACTIVE_COMPILATION_CONDITIONS = "DEBUG $(inherited)";
				SWIFT_OPTIMIZATION_LEVEL = "-Onone";
			};
			name = Debug;
		};
		081757BA2C91E37900A3F532 /* Release */ = {
			isa = XCBuildConfiguration;
			buildSettings = {
				ALWAYS_SEARCH_USER_PATHS = NO;
				ASSETCATALOG_COMPILER_GENERATE_SWIFT_ASSET_SYMBOL_EXTENSIONS = YES;
				CLANG_ANALYZER_NONNULL = YES;
				CLANG_ANALYZER_NUMBER_OBJECT_CONVERSION = YES_AGGRESSIVE;
				CLANG_CXX_LANGUAGE_STANDARD = "gnu++20";
				CLANG_ENABLE_MODULES = YES;
				CLANG_ENABLE_OBJC_ARC = YES;
				CLANG_ENABLE_OBJC_WEAK = YES;
				CLANG_WARN_BLOCK_CAPTURE_AUTORELEASING = YES;
				CLANG_WARN_BOOL_CONVERSION = YES;
				CLANG_WARN_COMMA = YES;
				CLANG_WARN_CONSTANT_CONVERSION = YES;
				CLANG_WARN_DEPRECATED_OBJC_IMPLEMENTATIONS = YES;
				CLANG_WARN_DIRECT_OBJC_ISA_USAGE = YES_ERROR;
				CLANG_WARN_DOCUMENTATION_COMMENTS = YES;
				CLANG_WARN_EMPTY_BODY = YES;
				CLANG_WARN_ENUM_CONVERSION = YES;
				CLANG_WARN_INFINITE_RECURSION = YES;
				CLANG_WARN_INT_CONVERSION = YES;
				CLANG_WARN_NON_LITERAL_NULL_CONVERSION = YES;
				CLANG_WARN_OBJC_IMPLICIT_RETAIN_SELF = YES;
				CLANG_WARN_OBJC_LITERAL_CONVERSION = YES;
				CLANG_WARN_OBJC_ROOT_CLASS = YES_ERROR;
				CLANG_WARN_QUOTED_INCLUDE_IN_FRAMEWORK_HEADER = YES;
				CLANG_WARN_RANGE_LOOP_ANALYSIS = YES;
				CLANG_WARN_STRICT_PROTOTYPES = YES;
				CLANG_WARN_SUSPICIOUS_MOVE = YES;
				CLANG_WARN_UNGUARDED_AVAILABILITY = YES_AGGRESSIVE;
				CLANG_WARN_UNREACHABLE_CODE = YES;
				CLANG_WARN__DUPLICATE_METHOD_MATCH = YES;
				COPY_PHASE_STRIP = NO;
				DEBUG_INFORMATION_FORMAT = "dwarf-with-dsym";
				ENABLE_NS_ASSERTIONS = NO;
				ENABLE_STRICT_OBJC_MSGSEND = YES;
				ENABLE_USER_SCRIPT_SANDBOXING = YES;
				GCC_C_LANGUAGE_STANDARD = gnu17;
				GCC_NO_COMMON_BLOCKS = YES;
				GCC_WARN_64_TO_32_BIT_CONVERSION = YES;
				GCC_WARN_ABOUT_RETURN_TYPE = YES_ERROR;
				GCC_WARN_UNDECLARED_SELECTOR = YES;
				GCC_WARN_UNINITIALIZED_AUTOS = YES_AGGRESSIVE;
				GCC_WARN_UNUSED_FUNCTION = YES;
				GCC_WARN_UNUSED_VARIABLE = YES;
				IPHONEOS_DEPLOYMENT_TARGET = 17.5;
				LOCALIZATION_PREFERS_STRING_CATALOGS = YES;
				MTL_ENABLE_DEBUG_INFO = NO;
				MTL_FAST_MATH = YES;
				SDKROOT = iphoneos;
				SWIFT_COMPILATION_MODE = wholemodule;
				VALIDATE_PRODUCT = YES;
			};
			name = Release;
		};
		081757BC2C91E37900A3F532 /* Debug */ = {
			isa = XCBuildConfiguration;
			buildSettings = {
				ASSETCATALOG_COMPILER_APPICON_NAME = AppIcon;
				ASSETCATALOG_COMPILER_GLOBAL_ACCENT_COLOR_NAME = AccentColor;
				CODE_SIGN_STYLE = Automatic;
				CURRENT_PROJECT_VERSION = 1;
				DEVELOPMENT_ASSET_PATHS = "\"FirebaseAuthenticationPackage/Preview Content\"";
				DEVELOPMENT_TEAM = KMGGL62P5B;
				ENABLE_PREVIEWS = YES;
				GENERATE_INFOPLIST_FILE = YES;
				INFOPLIST_KEY_UIApplicationSceneManifest_Generation = YES;
				INFOPLIST_KEY_UIApplicationSupportsIndirectInputEvents = YES;
				INFOPLIST_KEY_UILaunchScreen_Generation = YES;
				INFOPLIST_KEY_UISupportedInterfaceOrientations_iPad = "UIInterfaceOrientationPortrait UIInterfaceOrientationPortraitUpsideDown UIInterfaceOrientationLandscapeLeft UIInterfaceOrientationLandscapeRight";
				INFOPLIST_KEY_UISupportedInterfaceOrientations_iPhone = "UIInterfaceOrientationPortrait UIInterfaceOrientationLandscapeLeft UIInterfaceOrientationLandscapeRight";
				LD_RUNPATH_SEARCH_PATHS = (
					"$(inherited)",
					"@executable_path/Frameworks",
				);
				MARKETING_VERSION = 1.0;
				PRODUCT_BUNDLE_IDENTIFIER = sagerock.FirebaseAuthenticationPackage;
				PRODUCT_NAME = "$(TARGET_NAME)";
				SWIFT_EMIT_LOC_STRINGS = YES;
				SWIFT_VERSION = 5.0;
				TARGETED_DEVICE_FAMILY = "1,2";
			};
			name = Debug;
		};
		081757BD2C91E37900A3F532 /* Release */ = {
			isa = XCBuildConfiguration;
			buildSettings = {
				ASSETCATALOG_COMPILER_APPICON_NAME = AppIcon;
				ASSETCATALOG_COMPILER_GLOBAL_ACCENT_COLOR_NAME = AccentColor;
				CODE_SIGN_STYLE = Automatic;
				CURRENT_PROJECT_VERSION = 1;
				DEVELOPMENT_ASSET_PATHS = "\"FirebaseAuthenticationPackage/Preview Content\"";
				DEVELOPMENT_TEAM = KMGGL62P5B;
				ENABLE_PREVIEWS = YES;
				GENERATE_INFOPLIST_FILE = YES;
				INFOPLIST_KEY_UIApplicationSceneManifest_Generation = YES;
				INFOPLIST_KEY_UIApplicationSupportsIndirectInputEvents = YES;
				INFOPLIST_KEY_UILaunchScreen_Generation = YES;
				INFOPLIST_KEY_UISupportedInterfaceOrientations_iPad = "UIInterfaceOrientationPortrait UIInterfaceOrientationPortraitUpsideDown UIInterfaceOrientationLandscapeLeft UIInterfaceOrientationLandscapeRight";
				INFOPLIST_KEY_UISupportedInterfaceOrientations_iPhone = "UIInterfaceOrientationPortrait UIInterfaceOrientationLandscapeLeft UIInterfaceOrientationLandscapeRight";
				LD_RUNPATH_SEARCH_PATHS = (
					"$(inherited)",
					"@executable_path/Frameworks",
				);
				MARKETING_VERSION = 1.0;
				PRODUCT_BUNDLE_IDENTIFIER = sagerock.FirebaseAuthenticationPackage;
				PRODUCT_NAME = "$(TARGET_NAME)";
				SWIFT_EMIT_LOC_STRINGS = YES;
				SWIFT_VERSION = 5.0;
				TARGETED_DEVICE_FAMILY = "1,2";
			};
			name = Release;
		};
/* End XCBuildConfiguration section */

/* Begin XCConfigurationList section */
		081757A32C91E37700A3F532 /* Build configuration list for PBXProject "FirebaseAuthenticationPackage" */ = {
			isa = XCConfigurationList;
			buildConfigurations = (
				081757B92C91E37900A3F532 /* Debug */,
				081757BA2C91E37900A3F532 /* Release */,
			);
			defaultConfigurationIsVisible = 0;
			defaultConfigurationName = Release;
		};
		081757BB2C91E37900A3F532 /* Build configuration list for PBXNativeTarget "FirebaseAuthenticationPackage" */ = {
			isa = XCConfigurationList;
			buildConfigurations = (
				081757BC2C91E37900A3F532 /* Debug */,
				081757BD2C91E37900A3F532 /* Release */,
			);
			defaultConfigurationIsVisible = 0;
			defaultConfigurationName = Release;
		};
/* End XCConfigurationList section */

/* Begin XCRemoteSwiftPackageReference section */
		081757CA2C91E5D700A3F532 /* XCRemoteSwiftPackageReference "firebase-ios-sdk" */ = {
			isa = XCRemoteSwiftPackageReference;
			repositoryURL = "https://github.com/firebase/firebase-ios-sdk.git";
			requirement = {
				kind = upToNextMajorVersion;
				minimumVersion = 11.2.0;
			};
		};
/* End XCRemoteSwiftPackageReference section */

/* Begin XCSwiftPackageProductDependency section */
		081757CB2C91E5D700A3F532 /* FirebaseAuth */ = {
			isa = XCSwiftPackageProductDependency;
			package = 081757CA2C91E5D700A3F532 /* XCRemoteSwiftPackageReference "firebase-ios-sdk" */;
			productName = FirebaseAuth;
		};
/* End XCSwiftPackageProductDependency section */

/* Begin XCVersionGroup section */
		081757B62C91E37900A3F532 /* FirebaseAuthenticationPackage.xcdatamodeld */ = {
			isa = XCVersionGroup;
			children = (
				081757B72C91E37900A3F532 /* FirebaseAuthenticationPackage.xcdatamodel */,
			);
			currentVersion = 081757B72C91E37900A3F532 /* FirebaseAuthenticationPackage.xcdatamodel */;
			path = FirebaseAuthenticationPackage.xcdatamodeld;
			sourceTree = "<group>";
			versionGroupType = wrapper.xcdatamodel;
		};
/* End XCVersionGroup section */
	};
	rootObject = 081757A02C91E37700A3F532 /* Project object */;
}
